
Microsoft Visual Studio Solution File, Format Version 12.00
# Visual Studio Version 16
VisualStudioVersion = 16.0.29102.190
MinimumVisualStudioVersion = 10.0.40219.1
Project("{FAE04EC0-301F-11D3-BF4B-00C04F79EFBC}") = "genericCollectionsProject", "genericCollectionsProject\genericCollectionsProject.csproj", "{FAC61E96-0E2E-49EB-BAEE-8763B7929D60}"
EndProject
Global
	GlobalSection(SolutionConfigurationPlatforms) = preSolution
		Debug|Any CPU = Debug|Any CPU
		Release|Any CPU = Release|Any CPU
	EndGlobalSection
	GlobalSection(ProjectConfigurationPlatforms) = postSolution
		{FAC61E96-0E2E-49EB-BAEE-8763B7929D60}.Debug|Any CPU.ActiveCfg = Debug|Any CPU
		{FAC61E96-0E2E-49EB-BAEE-8763B7929D60}.Debug|Any CPU.Build.0 = Debug|Any CPU
		{FAC61E96-0E2E-49EB-BAEE-8763B7929D60}.Release|Any CPU.ActiveCfg = Release|Any CPU
		{FAC61E96-0E2E-49EB-BAEE-8763B7929D60}.Release|Any CPU.Build.0 = Release|Any CPU
	EndGlobalSection
	GlobalSection(SolutionProperties) = preSolution
		HideSolutionNode = FALSE
	EndGlobalSection
	GlobalSection(ExtensibilityGlobals) = postSolution
		SolutionGuid = {B408700E-9922-4D62-A3B6-3010F4772145}
	EndGlobalSection
EndGlobal
